<?xml version="1.0" encoding="utf-8"?>
<Project ToolsVersion="4.0" xmlns="http://schemas.microsoft.com/developer/msbuild/2003">
  <ItemGroup>
    <Filter Include="src">
      <UniqueIdentifier>{7931c037-6bc2-410d-a1dd-83906baca591}</UniqueIdentifier>
    </Filter>
    <Filter Include="src\App">
      <UniqueIdentifier>{f0d64c9a-3730-48de-abbd-e23d2017a653}</UniqueIdentifier>
    </Filter>
    <Filter Include="src\Player">
      <UniqueIdentifier>{09b81d73-b8c3-4552-8f20-5c3738d3aa8f}</UniqueIdentifier>
    </Filter>
    <Filter Include="src\Block">
      <UniqueIdentifier>{f79d7c4e-7743-401d-a982-3bc44cc454ed}</UniqueIdentifier>
    </Filter>
    <Filter Include="src\Tilemap">
      <UniqueIdentifier>{96eb7999-e96e-40a2-bc4e-444d386bd079}</UniqueIdentifier>
    </Filter>
    <Filter Include="src\Menu">
      <UniqueIdentifier>{0a802fce-3b62-431f-8ea1-9041380d953b}</UniqueIdentifier>
    </Filter>
  </ItemGroup>
  <ItemGroup>
    <ClCompile Include="src\main.cpp">
      <Filter>src</Filter>
    </ClCompile>
    <ClCompile Include="src\App\app.cpp">
      <Filter>src\App</Filter>
    </ClCompile>
    <ClCompile Include="src\Player\player.cpp">
      <Filter>src\Player</Filter>
    </ClCompile>
    <ClCompile Include="src\Tilemap\tilemap.cpp">
      <Filter>src\Tilemap</Filter>
    </ClCompile>
    <ClCompile Include="src\Blocks\block.cpp">
      <Filter>src\Block</Filter>
    </ClCompile>
    <ClCompile Include="src\Menu\menu.cpp">
      <Filter>src\Menu</Filter>
    </ClCompile>
  </ItemGroup>
  <ItemGroup>
    <ClInclude Include="src\App\app.h">
      <Filter>src\App</Filter>
    </ClInclude>
    <ClInclude Include="src\Player\player.h">
      <Filter>src\Player</Filter>
    </ClInclude>
    <ClInclude Include="src\Tilemap\tilemap.h">
      <Filter>src\Tilemap</Filter>
    </ClInclude>
    <ClInclude Include="src\Blocks\block.h">
      <Filter>src\Block</Filter>
    </ClInclude>
    <ClInclude Include="src\Menu\menu.h">
      <Filter>src\Menu</Filter>
    </ClInclude>
  </ItemGroup>
</Project>